// !$*UTF8*$!
{
	archiveVersion = 1;
	classes = {
	};
	objectVersion = 60;
	objects = {

/* Begin PBXBuildFile section */
		343D1FC02B65C00000467007 /* AppDelegate.swift in Sources */ = {isa = PBXBuildFile; fileRef = 343D1FBF2B65C00000467007 /* AppDelegate.swift */; };
		343D1FC22B65C00000467007 /* SceneDelegate.swift in Sources */ = {isa = PBXBuildFile; fileRef = 343D1FC12B65C00000467007 /* SceneDelegate.swift */; };
		343D1FC42B65C00000467007 /* LoginViewController.swift in Sources */ = {isa = PBXBuildFile; fileRef = 343D1FC32B65C00000467007 /* LoginViewController.swift */; };
		343D1FC72B65C00000467007 /* Main.storyboard in Resources */ = {isa = PBXBuildFile; fileRef = 343D1FC52B65C00000467007 /* Main.storyboard */; };
		343D1FC92B65C00100467007 /* Assets.xcassets in Resources */ = {isa = PBXBuildFile; fileRef = 343D1FC82B65C00100467007 /* Assets.xcassets */; };
		343D1FCC2B65C00100467007 /* LaunchScreen.storyboard in Resources */ = {isa = PBXBuildFile; fileRef = 343D1FCA2B65C00100467007 /* LaunchScreen.storyboard */; };
		343D1FD72B65C18400467007 /* MainViewController.swift in Sources */ = {isa = PBXBuildFile; fileRef = 343D1FD62B65C18400467007 /* MainViewController.swift */; };
		343D1FD92B65CAC100467007 /* DesignableUITextField.swift in Sources */ = {isa = PBXBuildFile; fileRef = 343D1FD82B65CAC100467007 /* DesignableUITextField.swift */; };
		343D1FDB2B66E11F00467007 /* RoundButton.swift in Sources */ = {isa = PBXBuildFile; fileRef = 343D1FDA2B66E11F00467007 /* RoundButton.swift */; };
		34B0E13C2B682E39009B3881 /* NotificationService.swift in Sources */ = {isa = PBXBuildFile; fileRef = 34B0E13B2B682E39009B3881 /* NotificationService.swift */; };
		34B0E1402B682E39009B3881 /* OneSignalNotificationServiceExtension.appex in Embed Foundation Extensions */ = {isa = PBXBuildFile; fileRef = 34B0E1392B682E39009B3881 /* OneSignalNotificationServiceExtension.appex */; settings = {ATTRIBUTES = (RemoveHeadersOnCopy, ); }; };
		34B0E1472B68319F009B3881 /* Keys.swift in Sources */ = {isa = PBXBuildFile; fileRef = 34B0E1462B68319F009B3881 /* Keys.swift */; };
		34B1DFAE2B67696200ED0BFC /* FeatureTableViewCell.swift in Sources */ = {isa = PBXBuildFile; fileRef = 34B1DFAD2B67696200ED0BFC /* FeatureTableViewCell.swift */; };
		7C3347A0E49F042495CD318D /* Pods_OneSignalNotificationServiceExtension.framework in Frameworks */ = {isa = PBXBuildFile; fileRef = 2A520B78E24D6C22BA306927 /* Pods_OneSignalNotificationServiceExtension.framework */; };
		EDBB6383915B55697C56A062 /* Pods_MT_OneSignal_Test.framework in Frameworks */ = {isa = PBXBuildFile; fileRef = 2C4C2AB95199D0BC9F02E022 /* Pods_MT_OneSignal_Test.framework */; };
/* End PBXBuildFile section */

/* Begin PBXContainerItemProxy section */
		34406CF62B68438900845353 /* PBXContainerItemProxy */ = {
			isa = PBXContainerItemProxy;
			containerPortal = 343D1FB42B65C00000467007 /* Project object */;
			proxyType = 1;
			remoteGlobalIDString = 34B0E1382B682E39009B3881;
			remoteInfo = OneSignalNotificationServiceExtension;
		};
/* End PBXContainerItemProxy section */

/* Begin PBXCopyFilesBuildPhase section */
		34B0E1442B682E39009B3881 /* Embed Foundation Extensions */ = {
			isa = PBXCopyFilesBuildPhase;
			buildActionMask = 2147483647;
			dstPath = "";
			dstSubfolderSpec = 13;
			files = (
				34B0E1402B682E39009B3881 /* OneSignalNotificationServiceExtension.appex in Embed Foundation Extensions */,
			);
			name = "Embed Foundation Extensions";
			runOnlyForDeploymentPostprocessing = 0;
		};
/* End PBXCopyFilesBuildPhase section */

/* Begin PBXFileReference section */
		29AD05C1897067673E472C13 /* Pods-OneSignalNotificationServiceExtension.release.xcconfig */ = {isa = PBXFileReference; includeInIndex = 1; lastKnownFileType = text.xcconfig; name = "Pods-OneSignalNotificationServiceExtension.release.xcconfig"; path = "Target Support Files/Pods-OneSignalNotificationServiceExtension/Pods-OneSignalNotificationServiceExtension.release.xcconfig"; sourceTree = "<group>"; };
		2A520B78E24D6C22BA306927 /* Pods_OneSignalNotificationServiceExtension.framework */ = {isa = PBXFileReference; explicitFileType = wrapper.framework; includeInIndex = 0; path = Pods_OneSignalNotificationServiceExtension.framework; sourceTree = BUILT_PRODUCTS_DIR; };
		2C4C2AB95199D0BC9F02E022 /* Pods_MT_OneSignal_Test.framework */ = {isa = PBXFileReference; explicitFileType = wrapper.framework; includeInIndex = 0; path = Pods_MT_OneSignal_Test.framework; sourceTree = BUILT_PRODUCTS_DIR; };
		343D1FBC2B65C00000467007 /* MT-OneSignal-Test.app */ = {isa = PBXFileReference; explicitFileType = wrapper.application; includeInIndex = 0; path = "MT-OneSignal-Test.app"; sourceTree = BUILT_PRODUCTS_DIR; };
		343D1FBF2B65C00000467007 /* AppDelegate.swift */ = {isa = PBXFileReference; lastKnownFileType = sourcecode.swift; path = AppDelegate.swift; sourceTree = "<group>"; };
		343D1FC12B65C00000467007 /* SceneDelegate.swift */ = {isa = PBXFileReference; lastKnownFileType = sourcecode.swift; path = SceneDelegate.swift; sourceTree = "<group>"; };
		343D1FC32B65C00000467007 /* LoginViewController.swift */ = {isa = PBXFileReference; lastKnownFileType = sourcecode.swift; path = LoginViewController.swift; sourceTree = "<group>"; };
		343D1FC62B65C00000467007 /* Base */ = {isa = PBXFileReference; lastKnownFileType = file.storyboard; name = Base; path = Base.lproj/Main.storyboard; sourceTree = "<group>"; };
		343D1FC82B65C00100467007 /* Assets.xcassets */ = {isa = PBXFileReference; lastKnownFileType = folder.assetcatalog; path = Assets.xcassets; sourceTree = "<group>"; };
		343D1FCB2B65C00100467007 /* Base */ = {isa = PBXFileReference; lastKnownFileType = file.storyboard; name = Base; path = Base.lproj/LaunchScreen.storyboard; sourceTree = "<group>"; };
		343D1FCD2B65C00100467007 /* Info.plist */ = {isa = PBXFileReference; lastKnownFileType = text.plist.xml; path = Info.plist; sourceTree = "<group>"; };
		343D1FD62B65C18400467007 /* MainViewController.swift */ = {isa = PBXFileReference; lastKnownFileType = sourcecode.swift; path = MainViewController.swift; sourceTree = "<group>"; };
		343D1FD82B65CAC100467007 /* DesignableUITextField.swift */ = {isa = PBXFileReference; lastKnownFileType = sourcecode.swift; path = DesignableUITextField.swift; sourceTree = "<group>"; };
		343D1FDA2B66E11F00467007 /* RoundButton.swift */ = {isa = PBXFileReference; lastKnownFileType = sourcecode.swift; path = RoundButton.swift; sourceTree = "<group>"; };
		34B0E1342B682DB5009B3881 /* MT-OneSignal-Test.entitlements */ = {isa = PBXFileReference; lastKnownFileType = text.plist.entitlements; path = "MT-OneSignal-Test.entitlements"; sourceTree = "<group>"; };
		34B0E1392B682E39009B3881 /* OneSignalNotificationServiceExtension.appex */ = {isa = PBXFileReference; explicitFileType = "wrapper.app-extension"; includeInIndex = 0; path = OneSignalNotificationServiceExtension.appex; sourceTree = BUILT_PRODUCTS_DIR; };
		34B0E13B2B682E39009B3881 /* NotificationService.swift */ = {isa = PBXFileReference; lastKnownFileType = sourcecode.swift; path = NotificationService.swift; sourceTree = "<group>"; };
		34B0E13D2B682E39009B3881 /* Info.plist */ = {isa = PBXFileReference; lastKnownFileType = text.plist.xml; path = Info.plist; sourceTree = "<group>"; };
		34B0E1452B682EDE009B3881 /* OneSignalNotificationServiceExtension.entitlements */ = {isa = PBXFileReference; lastKnownFileType = text.plist.entitlements; path = OneSignalNotificationServiceExtension.entitlements; sourceTree = "<group>"; };
		34B0E1462B68319F009B3881 /* Keys.swift */ = {isa = PBXFileReference; lastKnownFileType = sourcecode.swift; path = Keys.swift; sourceTree = "<group>"; };
		34B1DFAD2B67696200ED0BFC /* FeatureTableViewCell.swift */ = {isa = PBXFileReference; lastKnownFileType = sourcecode.swift; path = FeatureTableViewCell.swift; sourceTree = "<group>"; };
		61AC03C0D3CAE3DDE99BEA75 /* Pods-OneSignalNotificationServiceExtension.debug.xcconfig */ = {isa = PBXFileReference; includeInIndex = 1; lastKnownFileType = text.xcconfig; name = "Pods-OneSignalNotificationServiceExtension.debug.xcconfig"; path = "Target Support Files/Pods-OneSignalNotificationServiceExtension/Pods-OneSignalNotificationServiceExtension.debug.xcconfig"; sourceTree = "<group>"; };
		6EAE39D5995F8682ACC3BD29 /* Pods-MT-OneSignal-Test.release.xcconfig */ = {isa = PBXFileReference; includeInIndex = 1; lastKnownFileType = text.xcconfig; name = "Pods-MT-OneSignal-Test.release.xcconfig"; path = "Target Support Files/Pods-MT-OneSignal-Test/Pods-MT-OneSignal-Test.release.xcconfig"; sourceTree = "<group>"; };
		DA14F1594314771EF932B5BA /* Pods-MT-OneSignal-Test.debug.xcconfig */ = {isa = PBXFileReference; includeInIndex = 1; lastKnownFileType = text.xcconfig; name = "Pods-MT-OneSignal-Test.debug.xcconfig"; path = "Target Support Files/Pods-MT-OneSignal-Test/Pods-MT-OneSignal-Test.debug.xcconfig"; sourceTree = "<group>"; };
/* End PBXFileReference section */

/* Begin PBXFrameworksBuildPhase section */
		343D1FB92B65C00000467007 /* Frameworks */ = {
			isa = PBXFrameworksBuildPhase;
			buildActionMask = 2147483647;
			files = (
				EDBB6383915B55697C56A062 /* Pods_MT_OneSignal_Test.framework in Frameworks */,
			);
			runOnlyForDeploymentPostprocessing = 0;
		};
		34B0E1362B682E39009B3881 /* Frameworks */ = {
			isa = PBXFrameworksBuildPhase;
			buildActionMask = 2147483647;
			files = (
				7C3347A0E49F042495CD318D /* Pods_OneSignalNotificationServiceExtension.framework in Frameworks */,
			);
			runOnlyForDeploymentPostprocessing = 0;
		};
/* End PBXFrameworksBuildPhase section */

/* Begin PBXGroup section */
		343D1FB32B65C00000467007 = {
			isa = PBXGroup;
			children = (
				343D1FBE2B65C00000467007 /* MT-OneSignal-Test */,
				34B0E13A2B682E39009B3881 /* OneSignalNotificationServiceExtension */,
				343D1FBD2B65C00000467007 /* Products */,
				908FCB4D56DF673324A36F14 /* Pods */,
				D713F2B33104B4355AC5B2DD /* Frameworks */,
			);
			sourceTree = "<group>";
		};
		343D1FBD2B65C00000467007 /* Products */ = {
			isa = PBXGroup;
			children = (
				343D1FBC2B65C00000467007 /* MT-OneSignal-Test.app */,
				34B0E1392B682E39009B3881 /* OneSignalNotificationServiceExtension.appex */,
			);
			name = Products;
			sourceTree = "<group>";
		};
		343D1FBE2B65C00000467007 /* MT-OneSignal-Test */ = {
			isa = PBXGroup;
			children = (
				34B0E1342B682DB5009B3881 /* MT-OneSignal-Test.entitlements */,
				343D1FCD2B65C00100467007 /* Info.plist */,
				343D1FBF2B65C00000467007 /* AppDelegate.swift */,
				343D1FC12B65C00000467007 /* SceneDelegate.swift */,
				343D1FD32B65C00E00467007 /* Model */,
				343D1FD42B65C01700467007 /* View */,
				343D1FD52B65C01C00467007 /* Controller */,
			);
			path = "MT-OneSignal-Test";
			sourceTree = "<group>";
		};
		343D1FD32B65C00E00467007 /* Model */ = {
			isa = PBXGroup;
			children = (
				34B0E1462B68319F009B3881 /* Keys.swift */,
			);
			path = Model;
			sourceTree = "<group>";
		};
		343D1FD42B65C01700467007 /* View */ = {
			isa = PBXGroup;
			children = (
				343D1FC82B65C00100467007 /* Assets.xcassets */,
				343D1FC52B65C00000467007 /* Main.storyboard */,
				343D1FCA2B65C00100467007 /* LaunchScreen.storyboard */,
				343D1FD82B65CAC100467007 /* DesignableUITextField.swift */,
				343D1FDA2B66E11F00467007 /* RoundButton.swift */,
				34B1DFAD2B67696200ED0BFC /* FeatureTableViewCell.swift */,
			);
			path = View;
			sourceTree = "<group>";
		};
		343D1FD52B65C01C00467007 /* Controller */ = {
			isa = PBXGroup;
			children = (
				343D1FC32B65C00000467007 /* LoginViewController.swift */,
				343D1FD62B65C18400467007 /* MainViewController.swift */,
			);
			path = Controller;
			sourceTree = "<group>";
		};
		34B0E13A2B682E39009B3881 /* OneSignalNotificationServiceExtension */ = {
			isa = PBXGroup;
			children = (
				34B0E1452B682EDE009B3881 /* OneSignalNotificationServiceExtension.entitlements */,
				34B0E13B2B682E39009B3881 /* NotificationService.swift */,
				34B0E13D2B682E39009B3881 /* Info.plist */,
			);
			path = OneSignalNotificationServiceExtension;
			sourceTree = "<group>";
		};
		908FCB4D56DF673324A36F14 /* Pods */ = {
			isa = PBXGroup;
			children = (
				DA14F1594314771EF932B5BA /* Pods-MT-OneSignal-Test.debug.xcconfig */,
				6EAE39D5995F8682ACC3BD29 /* Pods-MT-OneSignal-Test.release.xcconfig */,
				61AC03C0D3CAE3DDE99BEA75 /* Pods-OneSignalNotificationServiceExtension.debug.xcconfig */,
				29AD05C1897067673E472C13 /* Pods-OneSignalNotificationServiceExtension.release.xcconfig */,
			);
			path = Pods;
			sourceTree = "<group>";
		};
		D713F2B33104B4355AC5B2DD /* Frameworks */ = {
			isa = PBXGroup;
			children = (
				2C4C2AB95199D0BC9F02E022 /* Pods_MT_OneSignal_Test.framework */,
				2A520B78E24D6C22BA306927 /* Pods_OneSignalNotificationServiceExtension.framework */,
			);
			name = Frameworks;
			sourceTree = "<group>";
		};
/* End PBXGroup section */

/* Begin PBXNativeTarget section */
		343D1FBB2B65C00000467007 /* MT-OneSignal-Test */ = {
			isa = PBXNativeTarget;
			buildConfigurationList = 343D1FD02B65C00100467007 /* Build configuration list for PBXNativeTarget "MT-OneSignal-Test" */;
			buildPhases = (
				EDF26BB70C3266BC48E052FD /* [CP] Check Pods Manifest.lock */,
				343D1FB82B65C00000467007 /* Sources */,
				343D1FB92B65C00000467007 /* Frameworks */,
				343D1FBA2B65C00000467007 /* Resources */,
				34B0E1442B682E39009B3881 /* Embed Foundation Extensions */,
				392ED64FD45F3320B37F2E6E /* [CP] Embed Pods Frameworks */,
			);
			buildRules = (
			);
			dependencies = (
				34406CF72B68438900845353 /* PBXTargetDependency */,
			);
			name = "MT-OneSignal-Test";
			productName = "MT-OneSignal-Test";
			productReference = 343D1FBC2B65C00000467007 /* MT-OneSignal-Test.app */;
			productType = "com.apple.product-type.application";
		};
		34B0E1382B682E39009B3881 /* OneSignalNotificationServiceExtension */ = {
			isa = PBXNativeTarget;
			buildConfigurationList = 34B0E1412B682E39009B3881 /* Build configuration list for PBXNativeTarget "OneSignalNotificationServiceExtension" */;
			buildPhases = (
				807D62EF30CA4128132B9DF9 /* [CP] Check Pods Manifest.lock */,
				34B0E1352B682E39009B3881 /* Sources */,
				34B0E1362B682E39009B3881 /* Frameworks */,
				34B0E1372B682E39009B3881 /* Resources */,
			);
			buildRules = (
			);
			dependencies = (
			);
			name = OneSignalNotificationServiceExtension;
			productName = OneSignalNotificationServiceExtension;
			productReference = 34B0E1392B682E39009B3881 /* OneSignalNotificationServiceExtension.appex */;
			productType = "com.apple.product-type.app-extension";
		};
/* End PBXNativeTarget section */

/* Begin PBXProject section */
		343D1FB42B65C00000467007 /* Project object */ = {
			isa = PBXProject;
			attributes = {
				BuildIndependentTargetsInParallel = 1;
				LastSwiftUpdateCheck = 1520;
				LastUpgradeCheck = 1520;
				TargetAttributes = {
					343D1FBB2B65C00000467007 = {
						CreatedOnToolsVersion = 15.2;
					};
					34B0E1382B682E39009B3881 = {
						CreatedOnToolsVersion = 15.2;
					};
				};
			};
			buildConfigurationList = 343D1FB72B65C00000467007 /* Build configuration list for PBXProject "MT-OneSignal-Test" */;
			compatibilityVersion = "Xcode 15.0";
			developmentRegion = en;
			hasScannedForEncodings = 0;
			knownRegions = (
				en,
				Base,
			);
			mainGroup = 343D1FB32B65C00000467007;
			productRefGroup = 343D1FBD2B65C00000467007 /* Products */;
			projectDirPath = "";
			projectRoot = "";
			targets = (
				343D1FBB2B65C00000467007 /* MT-OneSignal-Test */,
				34B0E1382B682E39009B3881 /* OneSignalNotificationServiceExtension */,
			);
		};
/* End PBXProject section */

/* Begin PBXResourcesBuildPhase section */
		343D1FBA2B65C00000467007 /* Resources */ = {
			isa = PBXResourcesBuildPhase;
			buildActionMask = 2147483647;
			files = (
				343D1FCC2B65C00100467007 /* LaunchScreen.storyboard in Resources */,
				343D1FC92B65C00100467007 /* Assets.xcassets in Resources */,
				343D1FC72B65C00000467007 /* Main.storyboard in Resources */,
			);
			runOnlyForDeploymentPostprocessing = 0;
		};
		34B0E1372B682E39009B3881 /* Resources */ = {
			isa = PBXResourcesBuildPhase;
			buildActionMask = 2147483647;
			files = (
			);
			runOnlyForDeploymentPostprocessing = 0;
		};
/* End PBXResourcesBuildPhase section */

/* Begin PBXShellScriptBuildPhase section */
		392ED64FD45F3320B37F2E6E /* [CP] Embed Pods Frameworks */ = {
			isa = PBXShellScriptBuildPhase;
			buildActionMask = 2147483647;
			files = (
			);
			inputFileListPaths = (
				"${PODS_ROOT}/Target Support Files/Pods-MT-OneSignal-Test/Pods-MT-OneSignal-Test-frameworks-${CONFIGURATION}-input-files.xcfilelist",
			);
			name = "[CP] Embed Pods Frameworks";
			outputFileListPaths = (
				"${PODS_ROOT}/Target Support Files/Pods-MT-OneSignal-Test/Pods-MT-OneSignal-Test-frameworks-${CONFIGURATION}-output-files.xcfilelist",
			);
			runOnlyForDeploymentPostprocessing = 0;
			shellPath = /bin/sh;
			shellScript = "\"${PODS_ROOT}/Target Support Files/Pods-MT-OneSignal-Test/Pods-MT-OneSignal-Test-frameworks.sh\"\n";
			showEnvVarsInLog = 0;
		};
		807D62EF30CA4128132B9DF9 /* [CP] Check Pods Manifest.lock */ = {
			isa = PBXShellScriptBuildPhase;
			buildActionMask = 2147483647;
			files = (
			);
			inputFileListPaths = (
			);
			inputPaths = (
				"${PODS_PODFILE_DIR_PATH}/Podfile.lock",
				"${PODS_ROOT}/Manifest.lock",
			);
			name = "[CP] Check Pods Manifest.lock";
			outputFileListPaths = (
			);
			outputPaths = (
				"$(DERIVED_FILE_DIR)/Pods-OneSignalNotificationServiceExtension-checkManifestLockResult.txt",
			);
			runOnlyForDeploymentPostprocessing = 0;
			shellPath = /bin/sh;
			shellScript = "diff \"${PODS_PODFILE_DIR_PATH}/Podfile.lock\" \"${PODS_ROOT}/Manifest.lock\" > /dev/null\nif [ $? != 0 ] ; then\n    # print error to STDERR\n    echo \"error: The sandbox is not in sync with the Podfile.lock. Run 'pod install' or update your CocoaPods installation.\" >&2\n    exit 1\nfi\n# This output is used by Xcode 'outputs' to avoid re-running this script phase.\necho \"SUCCESS\" > \"${SCRIPT_OUTPUT_FILE_0}\"\n";
			showEnvVarsInLog = 0;
		};
		EDF26BB70C3266BC48E052FD /* [CP] Check Pods Manifest.lock */ = {
			isa = PBXShellScriptBuildPhase;
			buildActionMask = 2147483647;
			files = (
			);
			inputFileListPaths = (
			);
			inputPaths = (
				"${PODS_PODFILE_DIR_PATH}/Podfile.lock",
				"${PODS_ROOT}/Manifest.lock",
			);
			name = "[CP] Check Pods Manifest.lock";
			outputFileListPaths = (
			);
			outputPaths = (
				"$(DERIVED_FILE_DIR)/Pods-MT-OneSignal-Test-checkManifestLockResult.txt",
			);
			runOnlyForDeploymentPostprocessing = 0;
			shellPath = /bin/sh;
			shellScript = "diff \"${PODS_PODFILE_DIR_PATH}/Podfile.lock\" \"${PODS_ROOT}/Manifest.lock\" > /dev/null\nif [ $? != 0 ] ; then\n    # print error to STDERR\n    echo \"error: The sandbox is not in sync with the Podfile.lock. Run 'pod install' or update your CocoaPods installation.\" >&2\n    exit 1\nfi\n# This output is used by Xcode 'outputs' to avoid re-running this script phase.\necho \"SUCCESS\" > \"${SCRIPT_OUTPUT_FILE_0}\"\n";
			showEnvVarsInLog = 0;
		};
/* End PBXShellScriptBuildPhase section */

/* Begin PBXSourcesBuildPhase section */
		343D1FB82B65C00000467007 /* Sources */ = {
			isa = PBXSourcesBuildPhase;
			buildActionMask = 2147483647;
			files = (
				343D1FDB2B66E11F00467007 /* RoundButton.swift in Sources */,
				34B0E1472B68319F009B3881 /* Keys.swift in Sources */,
				343D1FD92B65CAC100467007 /* DesignableUITextField.swift in Sources */,
				343D1FC42B65C00000467007 /* LoginViewController.swift in Sources */,
				343D1FC02B65C00000467007 /* AppDelegate.swift in Sources */,
				343D1FC22B65C00000467007 /* SceneDelegate.swift in Sources */,
				34B1DFAE2B67696200ED0BFC /* FeatureTableViewCell.swift in Sources */,
				343D1FD72B65C18400467007 /* MainViewController.swift in Sources */,
			);
			runOnlyForDeploymentPostprocessing = 0;
		};
		34B0E1352B682E39009B3881 /* Sources */ = {
			isa = PBXSourcesBuildPhase;
			buildActionMask = 2147483647;
			files = (
				34B0E13C2B682E39009B3881 /* NotificationService.swift in Sources */,
			);
			runOnlyForDeploymentPostprocessing = 0;
		};
/* End PBXSourcesBuildPhase section */

/* Begin PBXTargetDependency section */
		34406CF72B68438900845353 /* PBXTargetDependency */ = {
			isa = PBXTargetDependency;
			target = 34B0E1382B682E39009B3881 /* OneSignalNotificationServiceExtension */;
			targetProxy = 34406CF62B68438900845353 /* PBXContainerItemProxy */;
		};
/* End PBXTargetDependency section */

/* Begin PBXVariantGroup section */
		343D1FC52B65C00000467007 /* Main.storyboard */ = {
			isa = PBXVariantGroup;
			children = (
				343D1FC62B65C00000467007 /* Base */,
			);
			name = Main.storyboard;
			sourceTree = "<group>";
		};
		343D1FCA2B65C00100467007 /* LaunchScreen.storyboard */ = {
			isa = PBXVariantGroup;
			children = (
				343D1FCB2B65C00100467007 /* Base */,
			);
			name = LaunchScreen.storyboard;
			sourceTree = "<group>";
		};
/* End PBXVariantGroup section */

/* Begin XCBuildConfiguration section */
		343D1FCE2B65C00100467007 /* Debug */ = {
			isa = XCBuildConfiguration;
			buildSettings = {
				ALWAYS_SEARCH_USER_PATHS = NO;
				ASSETCATALOG_COMPILER_GENERATE_SWIFT_ASSET_SYMBOL_EXTENSIONS = YES;
				CLANG_ANALYZER_NONNULL = YES;
				CLANG_ANALYZER_NUMBER_OBJECT_CONVERSION = YES_AGGRESSIVE;
				CLANG_CXX_LANGUAGE_STANDARD = "gnu++20";
				CLANG_ENABLE_MODULES = YES;
				CLANG_ENABLE_OBJC_ARC = YES;
				CLANG_ENABLE_OBJC_WEAK = YES;
				CLANG_WARN_BLOCK_CAPTURE_AUTORELEASING = YES;
				CLANG_WARN_BOOL_CONVERSION = YES;
				CLANG_WARN_COMMA = YES;
				CLANG_WARN_CONSTANT_CONVERSION = YES;
				CLANG_WARN_DEPRECATED_OBJC_IMPLEMENTATIONS = YES;
				CLANG_WARN_DIRECT_OBJC_ISA_USAGE = YES_ERROR;
				CLANG_WARN_DOCUMENTATION_COMMENTS = YES;
				CLANG_WARN_EMPTY_BODY = YES;
				CLANG_WARN_ENUM_CONVERSION = YES;
				CLANG_WARN_INFINITE_RECURSION = YES;
				CLANG_WARN_INT_CONVERSION = YES;
				CLANG_WARN_NON_LITERAL_NULL_CONVERSION = YES;
				CLANG_WARN_OBJC_IMPLICIT_RETAIN_SELF = YES;
				CLANG_WARN_OBJC_LITERAL_CONVERSION = YES;
				CLANG_WARN_OBJC_ROOT_CLASS = YES_ERROR;
				CLANG_WARN_QUOTED_INCLUDE_IN_FRAMEWORK_HEADER = YES;
				CLANG_WARN_RANGE_LOOP_ANALYSIS = YES;
				CLANG_WARN_STRICT_PROTOTYPES = YES;
				CLANG_WARN_SUSPICIOUS_MOVE = YES;
				CLANG_WARN_UNGUARDED_AVAILABILITY = YES_AGGRESSIVE;
				CLANG_WARN_UNREACHABLE_CODE = YES;
				CLANG_WARN__DUPLICATE_METHOD_MATCH = YES;
				COPY_PHASE_STRIP = NO;
				DEBUG_INFORMATION_FORMAT = dwarf;
				ENABLE_STRICT_OBJC_MSGSEND = YES;
				ENABLE_TESTABILITY = YES;
				ENABLE_USER_SCRIPT_SANDBOXING = NO;
				GCC_C_LANGUAGE_STANDARD = gnu17;
				GCC_DYNAMIC_NO_PIC = NO;
				GCC_NO_COMMON_BLOCKS = YES;
				GCC_OPTIMIZATION_LEVEL = 0;
				GCC_PREPROCESSOR_DEFINITIONS = (
					"DEBUG=1",
					"$(inherited)",
				);
				GCC_WARN_64_TO_32_BIT_CONVERSION = YES;
				GCC_WARN_ABOUT_RETURN_TYPE = YES_ERROR;
				GCC_WARN_UNDECLARED_SELECTOR = YES;
				GCC_WARN_UNINITIALIZED_AUTOS = YES_AGGRESSIVE;
				GCC_WARN_UNUSED_FUNCTION = YES;
				GCC_WARN_UNUSED_VARIABLE = YES;
				IPHONEOS_DEPLOYMENT_TARGET = 17.2;
				LOCALIZATION_PREFERS_STRING_CATALOGS = YES;
				MTL_ENABLE_DEBUG_INFO = INCLUDE_SOURCE;
				MTL_FAST_MATH = YES;
				ONLY_ACTIVE_ARCH = YES;
				SDKROOT = iphoneos;
				SWIFT_ACTIVE_COMPILATION_CONDITIONS = "DEBUG $(inherited)";
				SWIFT_OPTIMIZATION_LEVEL = "-Onone";
			};
			name = Debug;
		};
		343D1FCF2B65C00100467007 /* Release */ = {
			isa = XCBuildConfiguration;
			buildSettings = {
				ALWAYS_SEARCH_USER_PATHS = NO;
				ASSETCATALOG_COMPILER_GENERATE_SWIFT_ASSET_SYMBOL_EXTENSIONS = YES;
				CLANG_ANALYZER_NONNULL = YES;
				CLANG_ANALYZER_NUMBER_OBJECT_CONVERSION = YES_AGGRESSIVE;
				CLANG_CXX_LANGUAGE_STANDARD = "gnu++20";
				CLANG_ENABLE_MODULES = YES;
				CLANG_ENABLE_OBJC_ARC = YES;
				CLANG_ENABLE_OBJC_WEAK = YES;
				CLANG_WARN_BLOCK_CAPTURE_AUTORELEASING = YES;
				CLANG_WARN_BOOL_CONVERSION = YES;
				CLANG_WARN_COMMA = YES;
				CLANG_WARN_CONSTANT_CONVERSION = YES;
				CLANG_WARN_DEPRECATED_OBJC_IMPLEMENTATIONS = YES;
				CLANG_WARN_DIRECT_OBJC_ISA_USAGE = YES_ERROR;
				CLANG_WARN_DOCUMENTATION_COMMENTS = YES;
				CLANG_WARN_EMPTY_BODY = YES;
				CLANG_WARN_ENUM_CONVERSION = YES;
				CLANG_WARN_INFINITE_RECURSION = YES;
				CLANG_WARN_INT_CONVERSION = YES;
				CLANG_WARN_NON_LITERAL_NULL_CONVERSION = YES;
				CLANG_WARN_OBJC_IMPLICIT_RETAIN_SELF = YES;
				CLANG_WARN_OBJC_LITERAL_CONVERSION = YES;
				CLANG_WARN_OBJC_ROOT_CLASS = YES_ERROR;
				CLANG_WARN_QUOTED_INCLUDE_IN_FRAMEWORK_HEADER = YES;
				CLANG_WARN_RANGE_LOOP_ANALYSIS = YES;
				CLANG_WARN_STRICT_PROTOTYPES = YES;
				CLANG_WARN_SUSPICIOUS_MOVE = YES;
				CLANG_WARN_UNGUARDED_AVAILABILITY = YES_AGGRESSIVE;
				CLANG_WARN_UNREACHABLE_CODE = YES;
				CLANG_WARN__DUPLICATE_METHOD_MATCH = YES;
				COPY_PHASE_STRIP = NO;
				DEBUG_INFORMATION_FORMAT = "dwarf-with-dsym";
				ENABLE_NS_ASSERTIONS = NO;
				ENABLE_STRICT_OBJC_MSGSEND = YES;
				ENABLE_USER_SCRIPT_SANDBOXING = NO;
				GCC_C_LANGUAGE_STANDARD = gnu17;
				GCC_NO_COMMON_BLOCKS = YES;
				GCC_WARN_64_TO_32_BIT_CONVERSION = YES;
				GCC_WARN_ABOUT_RETURN_TYPE = YES_ERROR;
				GCC_WARN_UNDECLARED_SELECTOR = YES;
				GCC_WARN_UNINITIALIZED_AUTOS = YES_AGGRESSIVE;
				GCC_WARN_UNUSED_FUNCTION = YES;
				GCC_WARN_UNUSED_VARIABLE = YES;
				IPHONEOS_DEPLOYMENT_TARGET = 17.2;
				LOCALIZATION_PREFERS_STRING_CATALOGS = YES;
				MTL_ENABLE_DEBUG_INFO = NO;
				MTL_FAST_MATH = YES;
				SDKROOT = iphoneos;
				SWIFT_COMPILATION_MODE = wholemodule;
				VALIDATE_PRODUCT = YES;
			};
			name = Release;
		};
		343D1FD12B65C00100467007 /* Debug */ = {
			isa = XCBuildConfiguration;
			baseConfigurationReference = DA14F1594314771EF932B5BA /* Pods-MT-OneSignal-Test.debug.xcconfig */;
			buildSettings = {
				ALWAYS_EMBED_SWIFT_STANDARD_LIBRARIES = YES;
				ASSETCATALOG_COMPILER_APPICON_NAME = AppIcon;
				ASSETCATALOG_COMPILER_GLOBAL_ACCENT_COLOR_NAME = AccentColor;
				CODE_SIGN_ENTITLEMENTS = "MT-OneSignal-Test/MT-OneSignal-Test.entitlements";
				CODE_SIGN_STYLE = Automatic;
				CURRENT_PROJECT_VERSION = 1;
				DEVELOPMENT_TEAM = J5P95JSAVD;
				GENERATE_INFOPLIST_FILE = YES;
				INFOPLIST_FILE = "MT-OneSignal-Test/Info.plist";
				INFOPLIST_KEY_UIApplicationSupportsIndirectInputEvents = YES;
				INFOPLIST_KEY_UILaunchStoryboardName = LaunchScreen;
				INFOPLIST_KEY_UIMainStoryboardFile = Main;
				INFOPLIST_KEY_UISupportedInterfaceOrientations_iPad = "UIInterfaceOrientationPortrait UIInterfaceOrientationPortraitUpsideDown UIInterfaceOrientationLandscapeLeft UIInterfaceOrientationLandscapeRight";
				INFOPLIST_KEY_UISupportedInterfaceOrientations_iPhone = "UIInterfaceOrientationPortrait UIInterfaceOrientationLandscapeLeft UIInterfaceOrientationLandscapeRight";
				IPHONEOS_DEPLOYMENT_TARGET = 15.0;
				LD_RUNPATH_SEARCH_PATHS = (
					"$(inherited)",
					"@executable_path/Frameworks",
				);
				MARKETING_VERSION = 1.0;
				PRODUCT_BUNDLE_IDENTIFIER = "com.matthewtripodi.MT-OneSignal-Test";
				PRODUCT_NAME = "$(TARGET_NAME)";
				SWIFT_EMIT_LOC_STRINGS = YES;
				SWIFT_VERSION = 5.0;
				TARGETED_DEVICE_FAMILY = "1,2";
			};
			name = Debug;
		};
		343D1FD22B65C00100467007 /* Release */ = {
			isa = XCBuildConfiguration;
			baseConfigurationReference = 6EAE39D5995F8682ACC3BD29 /* Pods-MT-OneSignal-Test.release.xcconfig */;
			buildSettings = {
				ALWAYS_EMBED_SWIFT_STANDARD_LIBRARIES = YES;
				ASSETCATALOG_COMPILER_APPICON_NAME = AppIcon;
				ASSETCATALOG_COMPILER_GLOBAL_ACCENT_COLOR_NAME = AccentColor;
				CODE_SIGN_ENTITLEMENTS = "MT-OneSignal-Test/MT-OneSignal-Test.entitlements";
				CODE_SIGN_STYLE = Automatic;
				CURRENT_PROJECT_VERSION = 1;
				DEVELOPMENT_TEAM = J5P95JSAVD;
				GENERATE_INFOPLIST_FILE = YES;
				INFOPLIST_FILE = "MT-OneSignal-Test/Info.plist";
				INFOPLIST_KEY_UIApplicationSupportsIndirectInputEvents = YES;
				INFOPLIST_KEY_UILaunchStoryboardName = LaunchScreen;
				INFOPLIST_KEY_UIMainStoryboardFile = Main;
				INFOPLIST_KEY_UISupportedInterfaceOrientations_iPad = "UIInterfaceOrientationPortrait UIInterfaceOrientationPortraitUpsideDown UIInterfaceOrientationLandscapeLeft UIInterfaceOrientationLandscapeRight";
				INFOPLIST_KEY_UISupportedInterfaceOrientations_iPhone = "UIInterfaceOrientationPortrait UIInterfaceOrientationLandscapeLeft UIInterfaceOrientationLandscapeRight";
				IPHONEOS_DEPLOYMENT_TARGET = 15.0;
				LD_RUNPATH_SEARCH_PATHS = (
					"$(inherited)",
					"@executable_path/Frameworks",
				);
				MARKETING_VERSION = 1.0;
				PRODUCT_BUNDLE_IDENTIFIER = "com.matthewtripodi.MT-OneSignal-Test";
				PRODUCT_NAME = "$(TARGET_NAME)";
				SWIFT_EMIT_LOC_STRINGS = YES;
				SWIFT_VERSION = 5.0;
				TARGETED_DEVICE_FAMILY = "1,2";
			};
			name = Release;
		};
		34B0E1422B682E39009B3881 /* Debug */ = {
			isa = XCBuildConfiguration;
			baseConfigurationReference = 61AC03C0D3CAE3DDE99BEA75 /* Pods-OneSignalNotificationServiceExtension.debug.xcconfig */;
			buildSettings = {
				CODE_SIGN_ENTITLEMENTS = OneSignalNotificationServiceExtension/OneSignalNotificationServiceExtension.entitlements;
				CODE_SIGN_STYLE = Automatic;
				CURRENT_PROJECT_VERSION = 1;
				DEVELOPMENT_TEAM = J5P95JSAVD;
				GENERATE_INFOPLIST_FILE = YES;
				INFOPLIST_FILE = OneSignalNotificationServiceExtension/Info.plist;
				INFOPLIST_KEY_CFBundleDisplayName = OneSignalNotificationServiceExtension;
				INFOPLIST_KEY_NSHumanReadableCopyright = "";
				IPHONEOS_DEPLOYMENT_TARGET = 15.0;
				LD_RUNPATH_SEARCH_PATHS = (
					"$(inherited)",
					"@executable_path/Frameworks",
					"@executable_path/../../Frameworks",
				);
				MARKETING_VERSION = 1.0;
				PRODUCT_BUNDLE_IDENTIFIER = "com.matthewtripodi.MT-OneSignal-Test.OneSignalNotificationServiceExtension";
				PRODUCT_NAME = "$(TARGET_NAME)";
				SKIP_INSTALL = YES;
				SWIFT_EMIT_LOC_STRINGS = YES;
				SWIFT_VERSION = 5.0;
				TARGETED_DEVICE_FAMILY = "1,2";
			};
			name = Debug;
		};
		34B0E1432B682E39009B3881 /* Release */ = {
			isa = XCBuildConfiguration;
			baseConfigurationReference = 29AD05C1897067673E472C13 /* Pods-OneSignalNotificationServiceExtension.release.xcconfig */;
			buildSettings = {
				CODE_SIGN_ENTITLEMENTS = OneSignalNotificationServiceExtension/OneSignalNotificationServiceExtension.entitlements;
				CODE_SIGN_STYLE = Automatic;
				CURRENT_PROJECT_VERSION = 1;
				DEVELOPMENT_TEAM = J5P95JSAVD;
				GENERATE_INFOPLIST_FILE = YES;
				INFOPLIST_FILE = OneSignalNotificationServiceExtension/Info.plist;
				INFOPLIST_KEY_CFBundleDisplayName = OneSignalNotificationServiceExtension;
				INFOPLIST_KEY_NSHumanReadableCopyright = "";
				IPHONEOS_DEPLOYMENT_TARGET = 15.0;
				LD_RUNPATH_SEARCH_PATHS = (
					"$(inherited)",
					"@executable_path/Frameworks",
					"@executable_path/../../Frameworks",
				);
				MARKETING_VERSION = 1.0;
				PRODUCT_BUNDLE_IDENTIFIER = "com.matthewtripodi.MT-OneSignal-Test.OneSignalNotificationServiceExtension";
				PRODUCT_NAME = "$(TARGET_NAME)";
				SKIP_INSTALL = YES;
				SWIFT_EMIT_LOC_STRINGS = YES;
				SWIFT_VERSION = 5.0;
				TARGETED_DEVICE_FAMILY = "1,2";
			};
			name = Release;
		};
/* End XCBuildConfiguration section */

/* Begin XCConfigurationList section */
		343D1FB72B65C00000467007 /* Build configuration list for PBXProject "MT-OneSignal-Test" */ = {
			isa = XCConfigurationList;
			buildConfigurations = (
				343D1FCE2B65C00100467007 /* Debug */,
				343D1FCF2B65C00100467007 /* Release */,
			);
			defaultConfigurationIsVisible = 0;
			defaultConfigurationName = Release;
		};
		343D1FD02B65C00100467007 /* Build configuration list for PBXNativeTarget "MT-OneSignal-Test" */ = {
			isa = XCConfigurationList;
			buildConfigurations = (
				343D1FD12B65C00100467007 /* Debug */,
				343D1FD22B65C00100467007 /* Release */,
			);
			defaultConfigurationIsVisible = 0;
			defaultConfigurationName = Release;
		};
		34B0E1412B682E39009B3881 /* Build configuration list for PBXNativeTarget "OneSignalNotificationServiceExtension" */ = {
			isa = XCConfigurationList;
			buildConfigurations = (
				34B0E1422B682E39009B3881 /* Debug */,
				34B0E1432B682E39009B3881 /* Release */,
			);
			defaultConfigurationIsVisible = 0;
			defaultConfigurationName = Release;
		};
/* End XCConfigurationList section */
	};
	rootObject = 343D1FB42B65C00000467007 /* Project object */;
}
